
Microsoft Visual Studio Solution File, Format Version 12.00
# Visual Studio Express 2012 for Windows Desktop
Project("{FAE04EC0-301F-11D3-BF4B-00C04F79EFBC}") = "Doval.Gaston.2A.TP3", "Doval.Gaston.2A.TP3\Doval.Gaston.2A.TP3.csproj", "{61615233-6158-4C99-9F60-18D92C6303C0}"
EndProject
Project("{FAE04EC0-301F-11D3-BF4B-00C04F79EFBC}") = "Proyecto", "Proyecto\Proyecto.csproj", "{BD210566-3F3E-4112-A919-548A0A3B6D65}"
EndProject
Global
	GlobalSection(SolutionConfigurationPlatforms) = preSolution
		Debug|Any CPU = Debug|Any CPU
		Release|Any CPU = Release|Any CPU
	EndGlobalSection
	GlobalSection(ProjectConfigurationPlatforms) = postSolution
		{61615233-6158-4C99-9F60-18D92C6303C0}.Debug|Any CPU.ActiveCfg = Debug|Any CPU
		{61615233-6158-4C99-9F60-18D92C6303C0}.Debug|Any CPU.Build.0 = Debug|Any CPU
		{61615233-6158-4C99-9F60-18D92C6303C0}.Release|Any CPU.ActiveCfg = Release|Any CPU
		{61615233-6158-4C99-9F60-18D92C6303C0}.Release|Any CPU.Build.0 = Release|Any CPU
		{BD210566-3F3E-4112-A919-548A0A3B6D65}.Debug|Any CPU.ActiveCfg = Debug|Any CPU
		{BD210566-3F3E-4112-A919-548A0A3B6D65}.Debug|Any CPU.Build.0 = Debug|Any CPU
		{BD210566-3F3E-4112-A919-548A0A3B6D65}.Release|Any CPU.ActiveCfg = Release|Any CPU
		{BD210566-3F3E-4112-A919-548A0A3B6D65}.Release|Any CPU.Build.0 = Release|Any CPU
	EndGlobalSection
	GlobalSection(SolutionProperties) = preSolution
		HideSolutionNode = FALSE
	EndGlobalSection
EndGlobal
