
Microsoft Visual Studio Solution File, Format Version 12.00
# Visual Studio Express 2012 for Windows Desktop
Project("{FAE04EC0-301F-11D3-BF4B-00C04F79EFBC}") = "Prueba_TP2", "Prueba_TP2\Prueba_TP2.csproj", "{CCB76648-B54B-410A-882A-1E664941C6EC}"
EndProject
Project("{FAE04EC0-301F-11D3-BF4B-00C04F79EFBC}") = "Entidades", "Entidades\Entidades.csproj", "{2F13681C-5183-4B05-A1D8-C9696EEEC28E}"
EndProject
Global
	GlobalSection(SolutionConfigurationPlatforms) = preSolution
		Debug|Any CPU = Debug|Any CPU
		Release|Any CPU = Release|Any CPU
	EndGlobalSection
	GlobalSection(ProjectConfigurationPlatforms) = postSolution
		{CCB76648-B54B-410A-882A-1E664941C6EC}.Debug|Any CPU.ActiveCfg = Debug|Any CPU
		{CCB76648-B54B-410A-882A-1E664941C6EC}.Debug|Any CPU.Build.0 = Debug|Any CPU
		{CCB76648-B54B-410A-882A-1E664941C6EC}.Release|Any CPU.ActiveCfg = Release|Any CPU
		{CCB76648-B54B-410A-882A-1E664941C6EC}.Release|Any CPU.Build.0 = Release|Any CPU
		{2F13681C-5183-4B05-A1D8-C9696EEEC28E}.Debug|Any CPU.ActiveCfg = Debug|Any CPU
		{2F13681C-5183-4B05-A1D8-C9696EEEC28E}.Debug|Any CPU.Build.0 = Debug|Any CPU
		{2F13681C-5183-4B05-A1D8-C9696EEEC28E}.Release|Any CPU.ActiveCfg = Release|Any CPU
		{2F13681C-5183-4B05-A1D8-C9696EEEC28E}.Release|Any CPU.Build.0 = Release|Any CPU
	EndGlobalSection
	GlobalSection(SolutionProperties) = preSolution
		HideSolutionNode = FALSE
	EndGlobalSection
EndGlobal
